
Microsoft Visual Studio Solution File, Format Version 12.00
# Visual Studio Version 17
VisualStudioVersion = 17.7.34202.233
MinimumVisualStudioVersion = 10.0.40219.1
Project("{FAE04EC0-301F-11D3-BF4B-00C04F79EFBC}") = "SalesWebMvc1", "SalesWebMvc1\SalesWebMvc1.csproj", "{3A6EDC87-BBB6-40AC-B5B9-8372EE4D72E3}"
EndProject
Global
	GlobalSection(SolutionConfigurationPlatforms) = preSolution
		Debug|Any CPU = Debug|Any CPU
		Release|Any CPU = Release|Any CPU
	EndGlobalSection
	GlobalSection(ProjectConfigurationPlatforms) = postSolution
		{3A6EDC87-BBB6-40AC-B5B9-8372EE4D72E3}.Debug|Any CPU.ActiveCfg = Debug|Any CPU
		{3A6EDC87-BBB6-40AC-B5B9-8372EE4D72E3}.Debug|Any CPU.Build.0 = Debug|Any CPU
		{3A6EDC87-BBB6-40AC-B5B9-8372EE4D72E3}.Release|Any CPU.ActiveCfg = Release|Any CPU
		{3A6EDC87-BBB6-40AC-B5B9-8372EE4D72E3}.Release|Any CPU.Build.0 = Release|Any CPU
	EndGlobalSection
	GlobalSection(SolutionProperties) = preSolution
		HideSolutionNode = FALSE
	EndGlobalSection
	GlobalSection(ExtensibilityGlobals) = postSolution
		SolutionGuid = {10C1C212-B8A5-4D19-803A-79B29E375CBB}
	EndGlobalSection
EndGlobal
